
Microsoft Visual Studio Solution File, Format Version 12.00
# Visual Studio Version 16
VisualStudioVersion = 16.0.29519.87
MinimumVisualStudioVersion = 10.0.40219.1
Project("{9A19103F-16F7-4668-BE54-9A1E7A4F7556}") = "Service", "Service\Service.csproj", "{8A948E4A-4995-46DE-87E6-45E303AF2270}"
EndProject
Project("{9A19103F-16F7-4668-BE54-9A1E7A4F7556}") = "Library", "Lib\Library.csproj", "{CC166A2C-AB67-44FA-B7CF-19FFE400B023}"
EndProject
Project("{9A19103F-16F7-4668-BE54-9A1E7A4F7556}") = "Domain", "Domain\Domain.csproj", "{526F347A-22AD-423E-94F6-C21B16348A22}"
EndProject
Project("{9A19103F-16F7-4668-BE54-9A1E7A4F7556}") = "Infrastructure", "Infrastructure\Infrastructure.csproj", "{16BAE8D9-ADC8-4474-AC7A-699857633F7D}"
EndProject
Project("{9A19103F-16F7-4668-BE54-9A1E7A4F7556}") = "Tests", "Tests\Tests.csproj", "{2BB0951C-718F-4170-BDB4-40D950DEE153}"
EndProject
Project("{2150E333-8FDC-42A3-9474-1A3956D46DE8}") = "src", "src", "{081229E2-4A52-4FE8-8592-1A92A4FB6DBF}"
EndProject
Project("{2150E333-8FDC-42A3-9474-1A3956D46DE8}") = "tests", "tests", "{87AB078F-7DA4-4C55-ABCC-8F3B7C9960A4}"
EndProject
Project("{2150E333-8FDC-42A3-9474-1A3956D46DE8}") = "Microservices", "Microservices", "{816122B1-3407-406C-B67A-FE7B2E804F68}"
EndProject
Project("{2150E333-8FDC-42A3-9474-1A3956D46DE8}") = "Payment", "Payment", "{BC353EBF-6B35-4181-B010-34FEDABE5E07}"
EndProject
Project("{9A19103F-16F7-4668-BE54-9A1E7A4F7556}") = "Bankslip", "Microservices\Payment\Boleto\Bankslip.csproj", "{AEC9FBD4-CDC6-4578-ACD9-81685AA9283A}"
EndProject
Project("{9A19103F-16F7-4668-BE54-9A1E7A4F7556}") = "CreditCard", "Microservices\Payment\CreditCard\CreditCard.csproj", "{7C0D581B-DD83-44B3-A61C-E1EBD06941C4}"
EndProject
Project("{9A19103F-16F7-4668-BE54-9A1E7A4F7556}") = "DebitCard", "Microservices\Payment\DebitCard\DebitCard.csproj", "{A5F3A9C3-C912-4A5B-BE51-38F6D99E3FE2}"
EndProject
Project("{9A19103F-16F7-4668-BE54-9A1E7A4F7556}") = "Transaction", "Microservices\Transaction\Transaction.csproj", "{D0339E1F-DE5A-481B-B9F2-E993BAA8E177}"
EndProject
Project("{9A19103F-16F7-4668-BE54-9A1E7A4F7556}") = "Tokenization", "Microservices\Tokenization\Tokenization.csproj", "{D12D33F1-51AD-4B13-9479-98564A5834F2}"
EndProject
Project("{9A19103F-16F7-4668-BE54-9A1E7A4F7556}") = "Gateway", "Microservices\Gateway\Gateway.csproj", "{E6660164-3D33-4775-B0A8-EDEC3A96EBD7}"
EndProject
Project("{9A19103F-16F7-4668-BE54-9A1E7A4F7556}") = "Callback", "Microservices\Callback\Callback.csproj", "{F6080379-C365-46FD-B037-9EC4AE2B27B3}"
EndProject
Global
	GlobalSection(SolutionConfigurationPlatforms) = preSolution
		Debug|Any CPU = Debug|Any CPU
		Release|Any CPU = Release|Any CPU
	EndGlobalSection
	GlobalSection(ProjectConfigurationPlatforms) = postSolution
		{8A948E4A-4995-46DE-87E6-45E303AF2270}.Debug|Any CPU.ActiveCfg = Debug|Any CPU
		{8A948E4A-4995-46DE-87E6-45E303AF2270}.Debug|Any CPU.Build.0 = Debug|Any CPU
		{8A948E4A-4995-46DE-87E6-45E303AF2270}.Release|Any CPU.ActiveCfg = Release|Any CPU
		{8A948E4A-4995-46DE-87E6-45E303AF2270}.Release|Any CPU.Build.0 = Release|Any CPU
		{CC166A2C-AB67-44FA-B7CF-19FFE400B023}.Debug|Any CPU.ActiveCfg = Debug|Any CPU
		{CC166A2C-AB67-44FA-B7CF-19FFE400B023}.Debug|Any CPU.Build.0 = Debug|Any CPU
		{CC166A2C-AB67-44FA-B7CF-19FFE400B023}.Release|Any CPU.ActiveCfg = Release|Any CPU
		{CC166A2C-AB67-44FA-B7CF-19FFE400B023}.Release|Any CPU.Build.0 = Release|Any CPU
		{526F347A-22AD-423E-94F6-C21B16348A22}.Debug|Any CPU.ActiveCfg = Debug|Any CPU
		{526F347A-22AD-423E-94F6-C21B16348A22}.Debug|Any CPU.Build.0 = Debug|Any CPU
		{526F347A-22AD-423E-94F6-C21B16348A22}.Release|Any CPU.ActiveCfg = Release|Any CPU
		{526F347A-22AD-423E-94F6-C21B16348A22}.Release|Any CPU.Build.0 = Release|Any CPU
		{16BAE8D9-ADC8-4474-AC7A-699857633F7D}.Debug|Any CPU.ActiveCfg = Debug|Any CPU
		{16BAE8D9-ADC8-4474-AC7A-699857633F7D}.Debug|Any CPU.Build.0 = Debug|Any CPU
		{16BAE8D9-ADC8-4474-AC7A-699857633F7D}.Release|Any CPU.ActiveCfg = Release|Any CPU
		{16BAE8D9-ADC8-4474-AC7A-699857633F7D}.Release|Any CPU.Build.0 = Release|Any CPU
		{2BB0951C-718F-4170-BDB4-40D950DEE153}.Debug|Any CPU.ActiveCfg = Debug|Any CPU
		{2BB0951C-718F-4170-BDB4-40D950DEE153}.Debug|Any CPU.Build.0 = Debug|Any CPU
		{2BB0951C-718F-4170-BDB4-40D950DEE153}.Release|Any CPU.ActiveCfg = Release|Any CPU
		{2BB0951C-718F-4170-BDB4-40D950DEE153}.Release|Any CPU.Build.0 = Release|Any CPU
		{AEC9FBD4-CDC6-4578-ACD9-81685AA9283A}.Debug|Any CPU.ActiveCfg = Debug|Any CPU
		{AEC9FBD4-CDC6-4578-ACD9-81685AA9283A}.Debug|Any CPU.Build.0 = Debug|Any CPU
		{AEC9FBD4-CDC6-4578-ACD9-81685AA9283A}.Release|Any CPU.ActiveCfg = Release|Any CPU
		{AEC9FBD4-CDC6-4578-ACD9-81685AA9283A}.Release|Any CPU.Build.0 = Release|Any CPU
		{7C0D581B-DD83-44B3-A61C-E1EBD06941C4}.Debug|Any CPU.ActiveCfg = Debug|Any CPU
		{7C0D581B-DD83-44B3-A61C-E1EBD06941C4}.Debug|Any CPU.Build.0 = Debug|Any CPU
		{7C0D581B-DD83-44B3-A61C-E1EBD06941C4}.Release|Any CPU.ActiveCfg = Release|Any CPU
		{7C0D581B-DD83-44B3-A61C-E1EBD06941C4}.Release|Any CPU.Build.0 = Release|Any CPU
		{A5F3A9C3-C912-4A5B-BE51-38F6D99E3FE2}.Debug|Any CPU.ActiveCfg = Debug|Any CPU
		{A5F3A9C3-C912-4A5B-BE51-38F6D99E3FE2}.Debug|Any CPU.Build.0 = Debug|Any CPU
		{A5F3A9C3-C912-4A5B-BE51-38F6D99E3FE2}.Release|Any CPU.ActiveCfg = Release|Any CPU
		{A5F3A9C3-C912-4A5B-BE51-38F6D99E3FE2}.Release|Any CPU.Build.0 = Release|Any CPU
		{D0339E1F-DE5A-481B-B9F2-E993BAA8E177}.Debug|Any CPU.ActiveCfg = Debug|Any CPU
		{D0339E1F-DE5A-481B-B9F2-E993BAA8E177}.Debug|Any CPU.Build.0 = Debug|Any CPU
		{D0339E1F-DE5A-481B-B9F2-E993BAA8E177}.Release|Any CPU.ActiveCfg = Release|Any CPU
		{D0339E1F-DE5A-481B-B9F2-E993BAA8E177}.Release|Any CPU.Build.0 = Release|Any CPU
		{D12D33F1-51AD-4B13-9479-98564A5834F2}.Debug|Any CPU.ActiveCfg = Debug|Any CPU
		{D12D33F1-51AD-4B13-9479-98564A5834F2}.Debug|Any CPU.Build.0 = Debug|Any CPU
		{D12D33F1-51AD-4B13-9479-98564A5834F2}.Release|Any CPU.ActiveCfg = Release|Any CPU
		{D12D33F1-51AD-4B13-9479-98564A5834F2}.Release|Any CPU.Build.0 = Release|Any CPU
		{E6660164-3D33-4775-B0A8-EDEC3A96EBD7}.Debug|Any CPU.ActiveCfg = Debug|Any CPU
		{E6660164-3D33-4775-B0A8-EDEC3A96EBD7}.Debug|Any CPU.Build.0 = Debug|Any CPU
		{E6660164-3D33-4775-B0A8-EDEC3A96EBD7}.Release|Any CPU.ActiveCfg = Release|Any CPU
		{E6660164-3D33-4775-B0A8-EDEC3A96EBD7}.Release|Any CPU.Build.0 = Release|Any CPU
		{F6080379-C365-46FD-B037-9EC4AE2B27B3}.Debug|Any CPU.ActiveCfg = Debug|Any CPU
		{F6080379-C365-46FD-B037-9EC4AE2B27B3}.Debug|Any CPU.Build.0 = Debug|Any CPU
		{F6080379-C365-46FD-B037-9EC4AE2B27B3}.Release|Any CPU.ActiveCfg = Release|Any CPU
		{F6080379-C365-46FD-B037-9EC4AE2B27B3}.Release|Any CPU.Build.0 = Release|Any CPU
	EndGlobalSection
	GlobalSection(SolutionProperties) = preSolution
		HideSolutionNode = FALSE
	EndGlobalSection
	GlobalSection(NestedProjects) = preSolution
		{8A948E4A-4995-46DE-87E6-45E303AF2270} = {081229E2-4A52-4FE8-8592-1A92A4FB6DBF}
		{CC166A2C-AB67-44FA-B7CF-19FFE400B023} = {081229E2-4A52-4FE8-8592-1A92A4FB6DBF}
		{526F347A-22AD-423E-94F6-C21B16348A22} = {081229E2-4A52-4FE8-8592-1A92A4FB6DBF}
		{16BAE8D9-ADC8-4474-AC7A-699857633F7D} = {081229E2-4A52-4FE8-8592-1A92A4FB6DBF}
		{2BB0951C-718F-4170-BDB4-40D950DEE153} = {87AB078F-7DA4-4C55-ABCC-8F3B7C9960A4}
		{816122B1-3407-406C-B67A-FE7B2E804F68} = {081229E2-4A52-4FE8-8592-1A92A4FB6DBF}
		{BC353EBF-6B35-4181-B010-34FEDABE5E07} = {816122B1-3407-406C-B67A-FE7B2E804F68}
		{AEC9FBD4-CDC6-4578-ACD9-81685AA9283A} = {BC353EBF-6B35-4181-B010-34FEDABE5E07}
		{7C0D581B-DD83-44B3-A61C-E1EBD06941C4} = {BC353EBF-6B35-4181-B010-34FEDABE5E07}
		{A5F3A9C3-C912-4A5B-BE51-38F6D99E3FE2} = {BC353EBF-6B35-4181-B010-34FEDABE5E07}
		{D0339E1F-DE5A-481B-B9F2-E993BAA8E177} = {816122B1-3407-406C-B67A-FE7B2E804F68}
		{D12D33F1-51AD-4B13-9479-98564A5834F2} = {816122B1-3407-406C-B67A-FE7B2E804F68}
		{E6660164-3D33-4775-B0A8-EDEC3A96EBD7} = {816122B1-3407-406C-B67A-FE7B2E804F68}
		{F6080379-C365-46FD-B037-9EC4AE2B27B3} = {816122B1-3407-406C-B67A-FE7B2E804F68}
	EndGlobalSection
	GlobalSection(ExtensibilityGlobals) = postSolution
		SolutionGuid = {5C36DBAD-09C0-424F-B9DE-3F4FB1DE3467}
	EndGlobalSection
EndGlobal
